
Microsoft Visual Studio Solution File, Format Version 12.00
# Visual Studio Version 17
VisualStudioVersion = 17.3.32922.545
MinimumVisualStudioVersion = 10.0.40219.1
Project("{9A19103F-16F7-4668-BE54-9A1E7A4F7556}") = "ASP.NET_Core-final_project", "ASP.NET_Core-final_project\ASP.NET_Core-final_project.csproj", "{1A6ADB5E-491A-47E8-89BD-7F0AAA27C2A5}"
EndProject
Global
	GlobalSection(SolutionConfigurationPlatforms) = preSolution
		Debug|Any CPU = Debug|Any CPU
		Release|Any CPU = Release|Any CPU
	EndGlobalSection
	GlobalSection(ProjectConfigurationPlatforms) = postSolution
		{1A6ADB5E-491A-47E8-89BD-7F0AAA27C2A5}.Debug|Any CPU.ActiveCfg = Debug|Any CPU
		{1A6ADB5E-491A-47E8-89BD-7F0AAA27C2A5}.Debug|Any CPU.Build.0 = Debug|Any CPU
		{1A6ADB5E-491A-47E8-89BD-7F0AAA27C2A5}.Release|Any CPU.ActiveCfg = Release|Any CPU
		{1A6ADB5E-491A-47E8-89BD-7F0AAA27C2A5}.Release|Any CPU.Build.0 = Release|Any CPU
	EndGlobalSection
	GlobalSection(SolutionProperties) = preSolution
		HideSolutionNode = FALSE
	EndGlobalSection
	GlobalSection(ExtensibilityGlobals) = postSolution
		SolutionGuid = {6C129F67-CA9E-47B1-A90C-2C5A5368B396}
	EndGlobalSection
EndGlobal
